
Microsoft Visual Studio Solution File, Format Version 12.00
# Visual Studio 15
VisualStudioVersion = 15.0.28307.489
MinimumVisualStudioVersion = 10.0.40219.1
Project("{FAE04EC0-301F-11D3-BF4B-00C04F79EFBC}") = "WordGuessingGame", "WordGuessingGame\WordGuessingGame.csproj", "{19EB33FC-F609-4639-88AF-6C6FF049938E}"
EndProject
Project("{FAE04EC0-301F-11D3-BF4B-00C04F79EFBC}") = "WordGuessingGameTest1", "WordGuessingGameTest1\WordGuessingGameTest1.csproj", "{35C629A8-E960-4092-8D9A-6CA73CFF3D6F}"
EndProject
Global
	GlobalSection(SolutionConfigurationPlatforms) = preSolution
		Debug|Any CPU = Debug|Any CPU
		Release|Any CPU = Release|Any CPU
	EndGlobalSection
	GlobalSection(ProjectConfigurationPlatforms) = postSolution
		{19EB33FC-F609-4639-88AF-6C6FF049938E}.Debug|Any CPU.ActiveCfg = Debug|Any CPU
		{19EB33FC-F609-4639-88AF-6C6FF049938E}.Debug|Any CPU.Build.0 = Debug|Any CPU
		{19EB33FC-F609-4639-88AF-6C6FF049938E}.Release|Any CPU.ActiveCfg = Release|Any CPU
		{19EB33FC-F609-4639-88AF-6C6FF049938E}.Release|Any CPU.Build.0 = Release|Any CPU
		{35C629A8-E960-4092-8D9A-6CA73CFF3D6F}.Debug|Any CPU.ActiveCfg = Debug|Any CPU
		{35C629A8-E960-4092-8D9A-6CA73CFF3D6F}.Debug|Any CPU.Build.0 = Debug|Any CPU
		{35C629A8-E960-4092-8D9A-6CA73CFF3D6F}.Release|Any CPU.ActiveCfg = Release|Any CPU
		{35C629A8-E960-4092-8D9A-6CA73CFF3D6F}.Release|Any CPU.Build.0 = Release|Any CPU
	EndGlobalSection
	GlobalSection(SolutionProperties) = preSolution
		HideSolutionNode = FALSE
	EndGlobalSection
	GlobalSection(ExtensibilityGlobals) = postSolution
		SolutionGuid = {1105201B-EE92-48F5-B710-01401CFE899A}
	EndGlobalSection
EndGlobal
